{
  "version": "5",
  "specifiers": {
    "jsr:@std/assert@1": "1.0.16",
    "jsr:@std/fs@1": "1.0.22",
    "jsr:@std/internal@^1.0.12": "1.0.12",
    "jsr:@std/path@1": "1.1.4",
    "jsr:@std/path@^1.1.4": "1.1.4"
  },
  "jsr": {
    "@std/assert@1.0.16": {
      "integrity": "6a7272ed1eaa77defe76e5ff63ca705d9c495077e2d5fd0126d2b53fc5bd6532",
      "dependencies": [
        "jsr:@std/internal"
      ]
    },
    "@std/fs@1.0.22": {
      "integrity": "de0f277a58a867147a8a01bc1b181d0dfa80bfddba8c9cf2bacd6747bcec9308",
      "dependencies": [
        "jsr:@std/internal",
        "jsr:@std/path@^1.1.4"
      ]
    },
    "@std/internal@1.0.12": {
      "integrity": "972a634fd5bc34b242024402972cd5143eac68d8dffaca5eaa4dba30ce17b027"
    },
    "@std/path@1.1.4": {
      "integrity": "1d2d43f39efb1b42f0b1882a25486647cb851481862dc7313390b2bb044314b5",
      "dependencies": [
        "jsr:@std/internal"
      ]
    }
  },
  "workspace": {
    "members": {
      "examples/deno": {
        "dependencies": [
          "jsr:@std/fs@1",
          "jsr:@std/path@1"
        ]
      },
      "packages/iroh-http-deno": {
        "dependencies": [
          "jsr:@momics/iroh-http-shared@0.1",
          "jsr:@std/fs@1",
          "jsr:@std/path@1"
        ]
      },
      "packages/iroh-http-node": {
        "packageJson": {
          "dependencies": [
            "npm:@momics/iroh-http-shared@*",
            "npm:@napi-rs/cli@2",
            "npm:@types/node@^25.6.0",
            "npm:typescript@5"
          ]
        }
      },
      "packages/iroh-http-shared": {
        "dependencies": [
          "npm:@scure/base@^1.2.6"
        ],
        "packageJson": {
          "dependencies": [
            "npm:@scure/base@^1.2.6",
            "npm:typescript@5"
          ]
        }
      },
      "packages/iroh-http-tauri": {
        "packageJson": {
          "dependencies": [
            "npm:@momics/iroh-http-shared@*",
            "npm:@tauri-apps/api@2",
            "npm:typescript@5"
          ]
        }
      }
    }
  }
}
