{
  "name": "iroh-http",
  "version": "0.0.0",
  "lockfileVersion": 3,
  "requires": true,
  "packages": {
    "": {
      "version": "0.0.0",
      "workspaces": [
        "packages/iroh-http-shared",
        "packages/iroh-http-node",
        "packages/iroh-http-tauri"
      ],
      "devDependencies": {
        "mitata": "^1.0.34"
      }
    },
    "node_modules/@momics/iroh-http-node": {
      "resolved": "packages/iroh-http-node",
      "link": true
    },
    "node_modules/@momics/iroh-http-shared": {
      "resolved": "packages/iroh-http-shared",
      "link": true
    },
    "node_modules/@momics/iroh-http-tauri": {
      "resolved": "packages/iroh-http-tauri",
      "link": true
    },
    "node_modules/@napi-rs/cli": {
      "version": "2.18.4",
      "dev": true,
      "license": "MIT",
      "bin": {
        "napi": "scripts/index.js"
      },
      "engines": {
        "node": ">= 10"
      },
      "funding": {
        "type": "github",
        "url": "https://github.com/sponsors/Brooooooklyn"
      }
    },
    "node_modules/@tauri-apps/api": {
      "version": "2.10.1",
      "dev": true,
      "license": "Apache-2.0 OR MIT",
      "funding": {
        "type": "opencollective",
        "url": "https://opencollective.com/tauri"
      }
    },
    "node_modules/@types/node": {
      "version": "25.6.0",
      "dev": true,
      "license": "MIT",
      "dependencies": {
        "undici-types": "~7.19.0"
      }
    },
    "node_modules/mitata": {
      "version": "1.0.34",
      "dev": true,
      "license": "MIT"
    },
    "node_modules/typescript": {
      "version": "5.9.3",
      "dev": true,
      "license": "Apache-2.0",
      "bin": {
        "tsc": "bin/tsc",
        "tsserver": "bin/tsserver"
      },
      "engines": {
        "node": ">=14.17"
      }
    },
    "node_modules/undici-types": {
      "version": "7.19.2",
      "dev": true,
      "license": "MIT"
    },
    "packages/iroh-http-node": {
      "name": "@momics/iroh-http-node",
      "version": "0.3.0",
      "cpu": [
        "x64",
        "arm64"
      ],
      "license": "(MIT OR Apache-2.0)",
      "os": [
        "darwin",
        "linux",
        "win32"
      ],
      "dependencies": {
        "@momics/iroh-http-shared": "^0.3"
      },
      "devDependencies": {
        "@napi-rs/cli": "^2",
        "@types/node": "^25.6.0",
        "typescript": "^5"
      },
      "optionalDependencies": {
        "@momics/iroh-http-node-darwin-arm64": "0.3.0",
        "@momics/iroh-http-node-darwin-x64": "0.3.0",
        "@momics/iroh-http-node-linux-arm64-gnu": "0.3.0",
        "@momics/iroh-http-node-linux-x64-gnu": "0.3.0",
        "@momics/iroh-http-node-win32-x64-msvc": "0.3.0"
      }
    },
    "packages/iroh-http-node/node_modules/@momics/iroh-http-node-darwin-arm64": {
      "optional": true
    },
    "packages/iroh-http-node/node_modules/@momics/iroh-http-node-darwin-x64": {
      "optional": true
    },
    "packages/iroh-http-node/node_modules/@momics/iroh-http-node-linux-arm64-gnu": {
      "optional": true
    },
    "packages/iroh-http-node/node_modules/@momics/iroh-http-node-linux-x64-gnu": {
      "optional": true
    },
    "packages/iroh-http-node/node_modules/@momics/iroh-http-node-win32-x64-msvc": {
      "optional": true
    },
    "packages/iroh-http-shared": {
      "name": "@momics/iroh-http-shared",
      "version": "0.3.0",
      "license": "(MIT OR Apache-2.0)",
      "devDependencies": {
        "typescript": "^5.0.0"
      }
    },
    "packages/iroh-http-tauri": {
      "name": "@momics/iroh-http-tauri",
      "version": "0.3.0",
      "license": "(MIT OR Apache-2.0)",
      "dependencies": {
        "@momics/iroh-http-shared": "^0.3"
      },
      "devDependencies": {
        "@tauri-apps/api": "^2",
        "typescript": "^5"
      },
      "peerDependencies": {
        "@tauri-apps/api": "^2"
      }
    }
  }
}
