{
  "name": "iroh-http",
  "version": "0.0.0",
  "lockfileVersion": 3,
  "requires": true,
  "packages": {
    "": {
      "version": "0.0.0",
      "workspaces": [
        "packages/iroh-http-shared",
        "packages/iroh-http-node",
        "packages/iroh-http-tauri"
      ],
      "devDependencies": {
        "mitata": "^1.0.34"
      }
    },
    "node_modules/@momics/iroh-http-node": {
      "resolved": "packages/iroh-http-node",
      "link": true
    },
    "node_modules/@momics/iroh-http-node-darwin-arm64": {
      "version": "0.2.1",
      "resolved": "https://registry.npmjs.org/@momics/iroh-http-node-darwin-arm64/-/iroh-http-node-darwin-arm64-0.2.1.tgz",
      "integrity": "sha512-qSs/ZxURhfaJa1EdsMcawHsGWuRn0RMMXSExtdWxbKmgLfsJVKzcuoMNJECshDWbeaanchXH5ED30i/EaGwNJQ==",
      "cpu": [
        "arm64"
      ],
      "license": "(MIT OR Apache-2.0)",
      "optional": true,
      "os": [
        "darwin"
      ]
    },
    "node_modules/@momics/iroh-http-node-darwin-x64": {
      "version": "0.2.1",
      "resolved": "https://registry.npmjs.org/@momics/iroh-http-node-darwin-x64/-/iroh-http-node-darwin-x64-0.2.1.tgz",
      "integrity": "sha512-UqoGZ36p+5b1Hx8YZ9y9ywhMEWCaSpf7KuO87UfFem+jJnPUq37FPvYvhnc9ezpIokvPDteSRiSqaX/NcsX++Q==",
      "cpu": [
        "x64"
      ],
      "license": "(MIT OR Apache-2.0)",
      "optional": true,
      "os": [
        "darwin"
      ]
    },
    "node_modules/@momics/iroh-http-node-linux-arm64-gnu": {
      "version": "0.2.1",
      "resolved": "https://registry.npmjs.org/@momics/iroh-http-node-linux-arm64-gnu/-/iroh-http-node-linux-arm64-gnu-0.2.1.tgz",
      "integrity": "sha512-GH08agL/0ja0h6x3RwBE4HJmpzWD/hF6ywbV2vX+GtP6UExtGHNNKewHZQZdpqaHS25YuNKyicU20srAiJkwPA==",
      "cpu": [
        "arm64"
      ],
      "license": "(MIT OR Apache-2.0)",
      "optional": true,
      "os": [
        "linux"
      ]
    },
    "node_modules/@momics/iroh-http-node-linux-x64-gnu": {
      "version": "0.2.1",
      "resolved": "https://registry.npmjs.org/@momics/iroh-http-node-linux-x64-gnu/-/iroh-http-node-linux-x64-gnu-0.2.1.tgz",
      "integrity": "sha512-0/zY9kUVO7cXeNrP6K43WeAeCrLT+Ijc9lqBqwkFMLwK8H5m972/kAOSAUPAJGWE9KH4+ZADxxSnPcSd0Bm2+Q==",
      "cpu": [
        "x64"
      ],
      "license": "(MIT OR Apache-2.0)",
      "optional": true,
      "os": [
        "linux"
      ]
    },
    "node_modules/@momics/iroh-http-node-win32-x64-msvc": {
      "version": "0.2.1",
      "resolved": "https://registry.npmjs.org/@momics/iroh-http-node-win32-x64-msvc/-/iroh-http-node-win32-x64-msvc-0.2.1.tgz",
      "integrity": "sha512-M3USaQ77T2czVRNI5B2umtbN6p29OylmbrN3ZbWBwPfWLYjBtQCW6AKwfyLoGJJxUQIBliQzrcfIuxERzls++g==",
      "cpu": [
        "x64"
      ],
      "license": "(MIT OR Apache-2.0)",
      "optional": true,
      "os": [
        "win32"
      ]
    },
    "node_modules/@momics/iroh-http-shared": {
      "resolved": "packages/iroh-http-shared",
      "link": true
    },
    "node_modules/@momics/iroh-http-tauri": {
      "resolved": "packages/iroh-http-tauri",
      "link": true
    },
    "node_modules/@napi-rs/cli": {
      "version": "2.18.4",
      "dev": true,
      "license": "MIT",
      "bin": {
        "napi": "scripts/index.js"
      },
      "engines": {
        "node": ">= 10"
      },
      "funding": {
        "type": "github",
        "url": "https://github.com/sponsors/Brooooooklyn"
      }
    },
    "node_modules/@tauri-apps/api": {
      "version": "2.10.1",
      "dev": true,
      "license": "Apache-2.0 OR MIT",
      "funding": {
        "type": "opencollective",
        "url": "https://opencollective.com/tauri"
      }
    },
    "node_modules/@types/node": {
      "version": "25.6.0",
      "dev": true,
      "license": "MIT",
      "dependencies": {
        "undici-types": "~7.19.0"
      }
    },
    "node_modules/mitata": {
      "version": "1.0.34",
      "dev": true,
      "license": "MIT"
    },
    "node_modules/typescript": {
      "version": "5.9.3",
      "dev": true,
      "license": "Apache-2.0",
      "bin": {
        "tsc": "bin/tsc",
        "tsserver": "bin/tsserver"
      },
      "engines": {
        "node": ">=14.17"
      }
    },
    "node_modules/undici-types": {
      "version": "7.19.2",
      "dev": true,
      "license": "MIT"
    },
    "packages/iroh-http-node": {
      "name": "@momics/iroh-http-node",
      "version": "0.2.1",
      "cpu": [
        "x64",
        "arm64"
      ],
      "license": "(MIT OR Apache-2.0)",
      "os": [
        "darwin",
        "linux",
        "win32"
      ],
      "dependencies": {
        "@momics/iroh-http-shared": "^0.2"
      },
      "devDependencies": {
        "@napi-rs/cli": "^2",
        "@types/node": "^25.6.0",
        "typescript": "^5"
      },
      "optionalDependencies": {
        "@momics/iroh-http-node-darwin-arm64": "0.2.1",
        "@momics/iroh-http-node-darwin-x64": "0.2.1",
        "@momics/iroh-http-node-linux-arm64-gnu": "0.2.1",
        "@momics/iroh-http-node-linux-x64-gnu": "0.2.1",
        "@momics/iroh-http-node-win32-x64-msvc": "0.2.1"
      }
    },
    "packages/iroh-http-shared": {
      "name": "@momics/iroh-http-shared",
      "version": "0.2.1",
      "license": "(MIT OR Apache-2.0)",
      "devDependencies": {
        "typescript": "^5.0.0"
      }
    },
    "packages/iroh-http-tauri": {
      "name": "@momics/iroh-http-tauri",
      "version": "0.2.1",
      "license": "(MIT OR Apache-2.0)",
      "dependencies": {
        "@momics/iroh-http-shared": "^0.2"
      },
      "devDependencies": {
        "@tauri-apps/api": "^2",
        "typescript": "^5"
      },
      "peerDependencies": {
        "@tauri-apps/api": "^2"
      }
    }
  }
}
